
Microsoft Visual Studio Solution File, Format Version 12.00
# Visual Studio Version 16
VisualStudioVersion = 16.0.30011.22
MinimumVisualStudioVersion = 10.0.40219.1
Project("{9A19103F-16F7-4668-BE54-9A1E7A4F7556}") = "SpecflowXUnit", "SpecflowXUnit.csproj", "{BF65DF30-49CC-45FB-A4F4-90D13069FC42}"
EndProject
Project("{FAE04EC0-301F-11D3-BF4B-00C04F79EFBC}") = "Specture", "..\Specture\Specture.csproj", "{A8ECB624-CAF3-4C5A-B0DD-9D5510410E9D}"
EndProject
Project("{FAE04EC0-301F-11D3-BF4B-00C04F79EFBC}") = "Example", "..\Example\Example.csproj", "{848492CF-7166-41C5-B9FA-ED09D4AC6E77}"
EndProject
Project("{FAE04EC0-301F-11D3-BF4B-00C04F79EFBC}") = "Bowling.SpecFlowXUnit", "..\Bowling.SpecFlowXUnit\Bowling.SpecFlowXUnit.csproj", "{7B435020-5809-4D12-83A5-395DA43B41A8}"
EndProject
Global
	GlobalSection(SolutionConfigurationPlatforms) = preSolution
		Debug|Any CPU = Debug|Any CPU
		Release|Any CPU = Release|Any CPU
	EndGlobalSection
	GlobalSection(ProjectConfigurationPlatforms) = postSolution
		{BF65DF30-49CC-45FB-A4F4-90D13069FC42}.Debug|Any CPU.ActiveCfg = Debug|Any CPU
		{BF65DF30-49CC-45FB-A4F4-90D13069FC42}.Debug|Any CPU.Build.0 = Debug|Any CPU
		{BF65DF30-49CC-45FB-A4F4-90D13069FC42}.Release|Any CPU.ActiveCfg = Release|Any CPU
		{BF65DF30-49CC-45FB-A4F4-90D13069FC42}.Release|Any CPU.Build.0 = Release|Any CPU
		{A8ECB624-CAF3-4C5A-B0DD-9D5510410E9D}.Debug|Any CPU.ActiveCfg = Debug|Any CPU
		{A8ECB624-CAF3-4C5A-B0DD-9D5510410E9D}.Debug|Any CPU.Build.0 = Debug|Any CPU
		{A8ECB624-CAF3-4C5A-B0DD-9D5510410E9D}.Release|Any CPU.ActiveCfg = Release|Any CPU
		{A8ECB624-CAF3-4C5A-B0DD-9D5510410E9D}.Release|Any CPU.Build.0 = Release|Any CPU
		{848492CF-7166-41C5-B9FA-ED09D4AC6E77}.Debug|Any CPU.ActiveCfg = Debug|Any CPU
		{848492CF-7166-41C5-B9FA-ED09D4AC6E77}.Debug|Any CPU.Build.0 = Debug|Any CPU
		{848492CF-7166-41C5-B9FA-ED09D4AC6E77}.Release|Any CPU.ActiveCfg = Release|Any CPU
		{848492CF-7166-41C5-B9FA-ED09D4AC6E77}.Release|Any CPU.Build.0 = Release|Any CPU
		{7B435020-5809-4D12-83A5-395DA43B41A8}.Debug|Any CPU.ActiveCfg = Debug|Any CPU
		{7B435020-5809-4D12-83A5-395DA43B41A8}.Debug|Any CPU.Build.0 = Debug|Any CPU
		{7B435020-5809-4D12-83A5-395DA43B41A8}.Release|Any CPU.ActiveCfg = Release|Any CPU
		{7B435020-5809-4D12-83A5-395DA43B41A8}.Release|Any CPU.Build.0 = Release|Any CPU
	EndGlobalSection
	GlobalSection(SolutionProperties) = preSolution
		HideSolutionNode = FALSE
	EndGlobalSection
	GlobalSection(ExtensibilityGlobals) = postSolution
		SolutionGuid = {500AA0E8-544A-44D7-B34E-53F48B099ED7}
	EndGlobalSection
EndGlobal
